
Microsoft Visual Studio Solution File, Format Version 12.00
# Visual Studio Version 16
VisualStudioVersion = 16.0.32002.261
MinimumVisualStudioVersion = 10.0.40219.1
Project("{FAE04EC0-301F-11D3-BF4B-00C04F79EFBC}") = "MvcBlog", "MvcBlog\MvcBlog.csproj", "{31EDB4CC-F81B-4ADF-A4DA-BC976A8957AA}"
EndProject
Global
	GlobalSection(SolutionConfigurationPlatforms) = preSolution
		Debug|Any CPU = Debug|Any CPU
		Release|Any CPU = Release|Any CPU
	EndGlobalSection
	GlobalSection(ProjectConfigurationPlatforms) = postSolution
		{31EDB4CC-F81B-4ADF-A4DA-BC976A8957AA}.Debug|Any CPU.ActiveCfg = Debug|Any CPU
		{31EDB4CC-F81B-4ADF-A4DA-BC976A8957AA}.Debug|Any CPU.Build.0 = Debug|Any CPU
		{31EDB4CC-F81B-4ADF-A4DA-BC976A8957AA}.Release|Any CPU.ActiveCfg = Release|Any CPU
		{31EDB4CC-F81B-4ADF-A4DA-BC976A8957AA}.Release|Any CPU.Build.0 = Release|Any CPU
	EndGlobalSection
	GlobalSection(SolutionProperties) = preSolution
		HideSolutionNode = FALSE
	EndGlobalSection
	GlobalSection(ExtensibilityGlobals) = postSolution
		SolutionGuid = {A7D95FFA-958B-4F65-9F80-0903B6084242}
	EndGlobalSection
EndGlobal
